
Microsoft Visual Studio Solution File, Format Version 12.00
# Visual Studio 15
VisualStudioVersion = 15.0.28307.421
MinimumVisualStudioVersion = 10.0.40219.1
Project("{FAE04EC0-301F-11D3-BF4B-00C04F79EFBC}") = "lwm.Web", "lwm.Web\lwm.Web.csproj", "{4769DFFE-4864-4C0C-B32F-FE3964936A7A}"
EndProject
Project("{FAE04EC0-301F-11D3-BF4B-00C04F79EFBC}") = "lwm.Common", "lwm.Common\lwm.Common.csproj", "{CBD144DE-B4A4-42A6-80A1-2FCB09DF1819}"
EndProject
Project("{FAE04EC0-301F-11D3-BF4B-00C04F79EFBC}") = "lwm.DataAccess", "lwm.DataAccess\lwm.DataAccess.csproj", "{69566279-A513-44FB-A457-CEC41D1BB41F}"
EndProject
Project("{FAE04EC0-301F-11D3-BF4B-00C04F79EFBC}") = "lwm.Entity", "lwm.Entity\lwm.Entity.csproj", "{FE5252B3-EC14-4EBA-9133-2C636FE2B175}"
EndProject
Global
	GlobalSection(SolutionConfigurationPlatforms) = preSolution
		Debug|Any CPU = Debug|Any CPU
		Release|Any CPU = Release|Any CPU
	EndGlobalSection
	GlobalSection(ProjectConfigurationPlatforms) = postSolution
		{4769DFFE-4864-4C0C-B32F-FE3964936A7A}.Debug|Any CPU.ActiveCfg = Debug|Any CPU
		{4769DFFE-4864-4C0C-B32F-FE3964936A7A}.Debug|Any CPU.Build.0 = Debug|Any CPU
		{4769DFFE-4864-4C0C-B32F-FE3964936A7A}.Release|Any CPU.ActiveCfg = Release|Any CPU
		{4769DFFE-4864-4C0C-B32F-FE3964936A7A}.Release|Any CPU.Build.0 = Release|Any CPU
		{CBD144DE-B4A4-42A6-80A1-2FCB09DF1819}.Debug|Any CPU.ActiveCfg = Debug|Any CPU
		{CBD144DE-B4A4-42A6-80A1-2FCB09DF1819}.Debug|Any CPU.Build.0 = Debug|Any CPU
		{CBD144DE-B4A4-42A6-80A1-2FCB09DF1819}.Release|Any CPU.ActiveCfg = Release|Any CPU
		{CBD144DE-B4A4-42A6-80A1-2FCB09DF1819}.Release|Any CPU.Build.0 = Release|Any CPU
		{69566279-A513-44FB-A457-CEC41D1BB41F}.Debug|Any CPU.ActiveCfg = Debug|Any CPU
		{69566279-A513-44FB-A457-CEC41D1BB41F}.Debug|Any CPU.Build.0 = Debug|Any CPU
		{69566279-A513-44FB-A457-CEC41D1BB41F}.Release|Any CPU.ActiveCfg = Release|Any CPU
		{69566279-A513-44FB-A457-CEC41D1BB41F}.Release|Any CPU.Build.0 = Release|Any CPU
		{FE5252B3-EC14-4EBA-9133-2C636FE2B175}.Debug|Any CPU.ActiveCfg = Debug|Any CPU
		{FE5252B3-EC14-4EBA-9133-2C636FE2B175}.Debug|Any CPU.Build.0 = Debug|Any CPU
		{FE5252B3-EC14-4EBA-9133-2C636FE2B175}.Release|Any CPU.ActiveCfg = Release|Any CPU
		{FE5252B3-EC14-4EBA-9133-2C636FE2B175}.Release|Any CPU.Build.0 = Release|Any CPU
	EndGlobalSection
	GlobalSection(SolutionProperties) = preSolution
		HideSolutionNode = FALSE
	EndGlobalSection
	GlobalSection(ExtensibilityGlobals) = postSolution
		SolutionGuid = {AC59DFFD-E3AF-4B04-BC35-D8CE65E15400}
	EndGlobalSection
EndGlobal
